{
  "name": "ultimate-agent-stack",
  "version": "0.3.0",
  "lockfileVersion": 3,
  "requires": true,
  "packages": {
    "": {
      "name": "ultimate-agent-stack",
      "version": "0.3.0",
      "license": "MIT",
      "bin": {
        "ultimate-agent-stack": "bin/ultimate-agent-stack.mjs"
      },
      "engines": {
        "node": ">=20.12"
      }
    }
  }
}
